---
path: ".gem_rbs_collection"
gems:
- name: base64
  version: '0'
  source:
    type: stdlib
- name: digest
  version: '0'
  source:
    type: stdlib
- name: fileutils
  version: '0'
  source:
    type: stdlib
- name: json
  version: '0'
  source:
    type: stdlib
- name: openssl
  version: '0'
  source:
    type: stdlib
- name: rake
  version: '13.0'
  source:
    type: git
    name: ruby/gem_rbs_collection
    revision: adf714d4ee13c7be91a3605adf28c9fe674ca9e0
    remote: https://github.com/ruby/gem_rbs_collection.git
    repo_dir: gems
- name: securerandom
  version: '0'
  source:
    type: stdlib
- name: socket
  version: '0'
  source:
    type: stdlib
gemfile_lock_path: Gemfile.lock
